
Microsoft Visual Studio Solution File, Format Version 12.00
# Visual Studio Version 17
VisualStudioVersion = 17.11.35327.3
MinimumVisualStudioVersion = 10.0.40219.1
Project("{9A19103F-16F7-4668-BE54-9A1E7A4F7556}") = "Finshark-API", "Finshark-API.csproj", "{7FC54691-4C09-453D-9AB6-4251187C4C37}"
EndProject
Global
	GlobalSection(SolutionConfigurationPlatforms) = preSolution
		Debug|Any CPU = Debug|Any CPU
		Release|Any CPU = Release|Any CPU
	EndGlobalSection
	GlobalSection(ProjectConfigurationPlatforms) = postSolution
		{7FC54691-4C09-453D-9AB6-4251187C4C37}.Debug|Any CPU.ActiveCfg = Debug|Any CPU
		{7FC54691-4C09-453D-9AB6-4251187C4C37}.Debug|Any CPU.Build.0 = Debug|Any CPU
		{7FC54691-4C09-453D-9AB6-4251187C4C37}.Release|Any CPU.ActiveCfg = Release|Any CPU
		{7FC54691-4C09-453D-9AB6-4251187C4C37}.Release|Any CPU.Build.0 = Release|Any CPU
	EndGlobalSection
	GlobalSection(SolutionProperties) = preSolution
		HideSolutionNode = FALSE
	EndGlobalSection
	GlobalSection(ExtensibilityGlobals) = postSolution
		SolutionGuid = {073C2655-FC66-494D-A76E-AEC2F70A2BA6}
	EndGlobalSection
EndGlobal
