
Microsoft Visual Studio Solution File, Format Version 12.00
# Visual Studio Version 17
VisualStudioVersion = 17.8.34525.116
MinimumVisualStudioVersion = 10.0.40219.1
Project("{FAE04EC0-301F-11D3-BF4B-00C04F79EFBC}") = "Finshark-API", "Finshark-API\Finshark-API.csproj", "{C6847D73-C501-4D2A-A659-6D4BB1455669}"
EndProject
Global
	GlobalSection(SolutionConfigurationPlatforms) = preSolution
		Debug|Any CPU = Debug|Any CPU
		Release|Any CPU = Release|Any CPU
	EndGlobalSection
	GlobalSection(ProjectConfigurationPlatforms) = postSolution
		{C6847D73-C501-4D2A-A659-6D4BB1455669}.Debug|Any CPU.ActiveCfg = Debug|Any CPU
		{C6847D73-C501-4D2A-A659-6D4BB1455669}.Debug|Any CPU.Build.0 = Debug|Any CPU
		{C6847D73-C501-4D2A-A659-6D4BB1455669}.Release|Any CPU.ActiveCfg = Release|Any CPU
		{C6847D73-C501-4D2A-A659-6D4BB1455669}.Release|Any CPU.Build.0 = Release|Any CPU
	EndGlobalSection
	GlobalSection(SolutionProperties) = preSolution
		HideSolutionNode = FALSE
	EndGlobalSection
	GlobalSection(ExtensibilityGlobals) = postSolution
		SolutionGuid = {60E64839-9ABA-4F52-B413-DA4BEB3A1EF2}
	EndGlobalSection
EndGlobal
